# THIS IS AN AUTOGENERATED FILE. DO NOT EDIT THIS FILE DIRECTLY.
# yarn lockfile v1


amdefine@^0.1.0:
  version "0.1.1"
  resolved "https://registry.yarnpkg.com/amdefine/-/amdefine-0.1.1.tgz#b5c75c532052dccd6a39c0064c772c8d57a06cd2"

async@~1.3.0:
  version "1.3.0"
  resolved "https://registry.yarnpkg.com/async/-/async-1.3.0.tgz#a6f1631e8a595a663496d0a5586bd12007d4871d"

charm@^1.0.0:
  version "1.0.2"
  resolved "https://registry.yarnpkg.com/charm/-/charm-1.0.2.tgz#8add367153a6d9a581331052c4090991da995e35"
  dependencies:
    inherits "^2.0.1"

colors@^1.1.2:
  version "1.1.2"
  resolved "https://registry.yarnpkg.com/colors/-/colors-1.1.2.tgz#168a4701756b6a7f51a12ce0c97bfa28c084ed63"

dejavu@~0.4.8:
  version "0.4.8"
  resolved "https://registry.yarnpkg.com/dejavu/-/dejavu-0.4.8.tgz#83b84dcffa824be554308c5205cc34d94b91973b"
  dependencies:
    amdefine "^0.1.0"
    mout "^0.9.1"

homedir@^0.6.0:
  version "0.6.0"
  resolved "https://registry.yarnpkg.com/homedir/-/homedir-0.6.0.tgz#2b21db66bf08a6db38249a3eff52d7d18706af1e"

inherits@^2.0.1:
  version "2.0.3"
  resolved "https://registry.yarnpkg.com/inherits/-/inherits-2.0.3.tgz#633c2c83e3da42a502f52466022480f4208261de"

"keepass.io@github:neoxid/keepass.io":
  version "1.1.4"
  resolved "https://codeload.github.com/neoxid/keepass.io/tar.gz/3bae6bd037b14a1132e00432b9ec17fd0b1a6551"
  dependencies:
    async "~1.3.0"
    dejavu "~0.4.8"
    nan "~1.8.4"
    xml2js "~0.4.9"

keypress@^0.2.1:
  version "0.2.1"
  resolved "https://registry.yarnpkg.com/keypress/-/keypress-0.2.1.tgz#1e80454250018dbad4c3fe94497d6e67b6269c77"

lodash@^4.13.1:
  version "4.17.4"
  resolved "https://registry.yarnpkg.com/lodash/-/lodash-4.17.4.tgz#78203a4d1c328ae1d86dca6460e369b57f4055ae"

minimist@^1.2.0:
  version "1.2.0"
  resolved "https://registry.yarnpkg.com/minimist/-/minimist-1.2.0.tgz#a35008b20f41383eec1fb914f4cd5df79a264284"

mout@^0.9.1:
  version "0.9.1"
  resolved "https://registry.yarnpkg.com/mout/-/mout-0.9.1.tgz#84f0f3fd6acc7317f63de2affdcc0cee009b0477"

nan@~1.8.4:
  version "1.8.4"
  resolved "https://registry.yarnpkg.com/nan/-/nan-1.8.4.tgz#3c76b5382eab33e44b758d2813ca9d92e9342f34"

prompt-autocomplete@^1.2.0:
  version "1.2.0"
  resolved "https://registry.yarnpkg.com/prompt-autocomplete/-/prompt-autocomplete-1.2.0.tgz#bf13213fbb2c2b298db2bb2194d3ae3a05cb7a72"
  dependencies:
    charm "^1.0.0"
    keypress "^0.2.1"

sax@>=0.6.0:
  version "1.2.4"
  resolved "https://registry.yarnpkg.com/sax/-/sax-1.2.4.tgz#2816234e2378bddc4e5354fab5caa895df7100d9"

xml2js@~0.4.9:
  version "0.4.19"
  resolved "https://registry.yarnpkg.com/xml2js/-/xml2js-0.4.19.tgz#686c20f213209e94abf0d1bcf1efaa291c7827a7"
  dependencies:
    sax ">=0.6.0"
    xmlbuilder "~9.0.1"

xmlbuilder@~9.0.1:
  version "9.0.4"
  resolved "https://registry.yarnpkg.com/xmlbuilder/-/xmlbuilder-9.0.4.tgz#519cb4ca686d005a8420d3496f3f0caeecca580f"
